// !$*UTF8*$!
{
	archiveVersion = 1;
	classes = {
	};
	objectVersion = 46;
	objects = {

/* Begin PBXBuildFile section */
		FB2BA7F11BE111F100CC110B /* AppDelegate.swift in Sources */ = {isa = PBXBuildFile; fileRef = FB2BA7F01BE111F100CC110B /* AppDelegate.swift */; };
		FB2BA7F31BE111F100CC110B /* ViewController.swift in Sources */ = {isa = PBXBuildFile; fileRef = FB2BA7F21BE111F100CC110B /* ViewController.swift */; };
		FB2BA7F61BE111F100CC110B /* Main.storyboard in Resources */ = {isa = PBXBuildFile; fileRef = FB2BA7F41BE111F100CC110B /* Main.storyboard */; };
		FB2BA7F81BE111F100CC110B /* Assets.xcassets in Resources */ = {isa = PBXBuildFile; fileRef = FB2BA7F71BE111F100CC110B /* Assets.xcassets */; };
		FB2BA7FB1BE111F100CC110B /* LaunchScreen.storyboard in Resources */ = {isa = PBXBuildFile; fileRef = FB2BA7F91BE111F100CC110B /* LaunchScreen.storyboard */; };
		FB2BA8061BE111F100CC110B /* beaconTests.swift in Sources */ = {isa = PBXBuildFile; fileRef = FB2BA8051BE111F100CC110B /* beaconTests.swift */; };
		FB2BA8111BE111F100CC110B /* beaconUITests.swift in Sources */ = {isa = PBXBuildFile; fileRef = FB2BA8101BE111F100CC110B /* beaconUITests.swift */; };
		FB2BA81F1BE1124500CC110B /* Beaconstac.framework in Frameworks */ = {isa = PBXBuildFile; fileRef = FB2BA81E1BE1124500CC110B /* Beaconstac.framework */; };
		FB2BA8221BE1127500CC110B /* empty.m in Sources */ = {isa = PBXBuildFile; fileRef = FB2BA8211BE1127500CC110B /* empty.m */; };
		FB2BA8241BE112C500CC110B /* BeaconstacData.bundle in Resources */ = {isa = PBXBuildFile; fileRef = FB2BA8231BE112C500CC110B /* BeaconstacData.bundle */; };
		FB2BA8261BE112DA00CC110B /* CoreData.framework in Frameworks */ = {isa = PBXBuildFile; fileRef = FB2BA8251BE112DA00CC110B /* CoreData.framework */; };
		FB2BA8281BE112E300CC110B /* CoreBluetooth.framework in Frameworks */ = {isa = PBXBuildFile; fileRef = FB2BA8271BE112E300CC110B /* CoreBluetooth.framework */; };
		FB2BA82A1BE112EE00CC110B /* SystemConfiguration.framework in Frameworks */ = {isa = PBXBuildFile; fileRef = FB2BA8291BE112EE00CC110B /* SystemConfiguration.framework */; };
		FB2BA82C1BE112F900CC110B /* CoreLocation.framework in Frameworks */ = {isa = PBXBuildFile; fileRef = FB2BA82B1BE112F900CC110B /* CoreLocation.framework */; };
		FB2BA82F1BE1161B00CC110B /* MegaTheme.swift in Sources */ = {isa = PBXBuildFile; fileRef = FB2BA82E1BE1161B00CC110B /* MegaTheme.swift */; };
		FB2BA8371BE1170C00CC110B /* ADVAnimatedButton.swift in Sources */ = {isa = PBXBuildFile; fileRef = FB2BA8361BE1170C00CC110B /* ADVAnimatedButton.swift */; };
		FB2BA83C1BE117CF00CC110B /* ADVGradientButton.swift in Sources */ = {isa = PBXBuildFile; fileRef = FB2BA83B1BE117CF00CC110B /* ADVGradientButton.swift */; };
		FB2BA8401BE1183900CC110B /* ADVProgressLayer.swift in Sources */ = {isa = PBXBuildFile; fileRef = FB2BA83F1BE1183900CC110B /* ADVProgressLayer.swift */; };
		FB2BA8421BE1187A00CC110B /* ADVProgressControl.swift in Sources */ = {isa = PBXBuildFile; fileRef = FB2BA8411BE1187A00CC110B /* ADVProgressControl.swift */; };
		FB2BA8441BE118AA00CC110B /* ADVSegmentedControl.swift in Sources */ = {isa = PBXBuildFile; fileRef = FB2BA8431BE118AA00CC110B /* ADVSegmentedControl.swift */; };
		FB2BA8461BE118F400CC110B /* ADVTabSegmentControl.swift in Sources */ = {isa = PBXBuildFile; fileRef = FB2BA8451BE118F400CC110B /* ADVTabSegmentControl.swift */; };
		FB2BA84D1BE119A400CC110B /* ProductCell.swift in Sources */ = {isa = PBXBuildFile; fileRef = FB2BA8491BE119A400CC110B /* ProductCell.swift */; };
		FB2BA84E1BE119A400CC110B /* ProductImageCell.swift in Sources */ = {isa = PBXBuildFile; fileRef = FB2BA84A1BE119A400CC110B /* ProductImageCell.swift */; };
		FB2BA84F1BE119A400CC110B /* CategoryCell.swift in Sources */ = {isa = PBXBuildFile; fileRef = FB2BA84B1BE119A400CC110B /* CategoryCell.swift */; };
		FB2BA8501BE119A400CC110B /* CartCell.swift in Sources */ = {isa = PBXBuildFile; fileRef = FB2BA84C1BE119A400CC110B /* CartCell.swift */; };
		FB2BA8531BE119F700CC110B /* MetaCell.swift in Sources */ = {isa = PBXBuildFile; fileRef = FB2BA8521BE119F700CC110B /* MetaCell.swift */; };
		FB2BA8571BE11A4B00CC110B /* PictureCell.swift in Sources */ = {isa = PBXBuildFile; fileRef = FB2BA8551BE11A4B00CC110B /* PictureCell.swift */; };
		FB2BA8581BE11A4B00CC110B /* ConnectionCell.swift in Sources */ = {isa = PBXBuildFile; fileRef = FB2BA8561BE11A4B00CC110B /* ConnectionCell.swift */; };
/* End PBXBuildFile section */

/* Begin PBXContainerItemProxy section */
		FB2BA8021BE111F100CC110B /* PBXContainerItemProxy */ = {
			isa = PBXContainerItemProxy;
			containerPortal = FB2BA7E51BE111F100CC110B /* Project object */;
			proxyType = 1;
			remoteGlobalIDString = FB2BA7EC1BE111F100CC110B;
			remoteInfo = beacon;
		};
		FB2BA80D1BE111F100CC110B /* PBXContainerItemProxy */ = {
			isa = PBXContainerItemProxy;
			containerPortal = FB2BA7E51BE111F100CC110B /* Project object */;
			proxyType = 1;
			remoteGlobalIDString = FB2BA7EC1BE111F100CC110B;
			remoteInfo = beacon;
		};
/* End PBXContainerItemProxy section */

/* Begin PBXFileReference section */
		FB2BA7ED1BE111F100CC110B /* beacon.app */ = {isa = PBXFileReference; explicitFileType = wrapper.application; includeInIndex = 0; path = beacon.app; sourceTree = BUILT_PRODUCTS_DIR; };
		FB2BA7F01BE111F100CC110B /* AppDelegate.swift */ = {isa = PBXFileReference; lastKnownFileType = sourcecode.swift; path = AppDelegate.swift; sourceTree = "<group>"; };
		FB2BA7F21BE111F100CC110B /* ViewController.swift */ = {isa = PBXFileReference; lastKnownFileType = sourcecode.swift; path = ViewController.swift; sourceTree = "<group>"; };
		FB2BA7F51BE111F100CC110B /* Base */ = {isa = PBXFileReference; lastKnownFileType = file.storyboard; name = Base; path = Base.lproj/Main.storyboard; sourceTree = "<group>"; };
		FB2BA7F71BE111F100CC110B /* Assets.xcassets */ = {isa = PBXFileReference; lastKnownFileType = folder.assetcatalog; path = Assets.xcassets; sourceTree = "<group>"; };
		FB2BA7FA1BE111F100CC110B /* Base */ = {isa = PBXFileReference; lastKnownFileType = file.storyboard; name = Base; path = Base.lproj/LaunchScreen.storyboard; sourceTree = "<group>"; };
		FB2BA7FC1BE111F100CC110B /* Info.plist */ = {isa = PBXFileReference; lastKnownFileType = text.plist.xml; path = Info.plist; sourceTree = "<group>"; };
		FB2BA8011BE111F100CC110B /* beaconTests.xctest */ = {isa = PBXFileReference; explicitFileType = wrapper.cfbundle; includeInIndex = 0; path = beaconTests.xctest; sourceTree = BUILT_PRODUCTS_DIR; };
		FB2BA8051BE111F100CC110B /* beaconTests.swift */ = {isa = PBXFileReference; lastKnownFileType = sourcecode.swift; path = beaconTests.swift; sourceTree = "<group>"; };
		FB2BA8071BE111F100CC110B /* Info.plist */ = {isa = PBXFileReference; lastKnownFileType = text.plist.xml; path = Info.plist; sourceTree = "<group>"; };
		FB2BA80C1BE111F100CC110B /* beaconUITests.xctest */ = {isa = PBXFileReference; explicitFileType = wrapper.cfbundle; includeInIndex = 0; path = beaconUITests.xctest; sourceTree = BUILT_PRODUCTS_DIR; };
		FB2BA8101BE111F100CC110B /* beaconUITests.swift */ = {isa = PBXFileReference; lastKnownFileType = sourcecode.swift; path = beaconUITests.swift; sourceTree = "<group>"; };
		FB2BA8121BE111F100CC110B /* Info.plist */ = {isa = PBXFileReference; lastKnownFileType = text.plist.xml; path = Info.plist; sourceTree = "<group>"; };
		FB2BA81E1BE1124500CC110B /* Beaconstac.framework */ = {isa = PBXFileReference; lastKnownFileType = wrapper.framework; path = Beaconstac.framework; sourceTree = "<group>"; };
		FB2BA8201BE1127400CC110B /* beacon-Bridging-Header.h */ = {isa = PBXFileReference; lastKnownFileType = sourcecode.c.h; path = "beacon-Bridging-Header.h"; sourceTree = "<group>"; };
		FB2BA8211BE1127500CC110B /* empty.m */ = {isa = PBXFileReference; fileEncoding = 4; lastKnownFileType = sourcecode.c.objc; path = empty.m; sourceTree = "<group>"; };
		FB2BA8231BE112C500CC110B /* BeaconstacData.bundle */ = {isa = PBXFileReference; lastKnownFileType = "wrapper.plug-in"; path = BeaconstacData.bundle; sourceTree = "<group>"; };
		FB2BA8251BE112DA00CC110B /* CoreData.framework */ = {isa = PBXFileReference; lastKnownFileType = wrapper.framework; name = CoreData.framework; path = System/Library/Frameworks/CoreData.framework; sourceTree = SDKROOT; };
		FB2BA8271BE112E300CC110B /* CoreBluetooth.framework */ = {isa = PBXFileReference; lastKnownFileType = wrapper.framework; name = CoreBluetooth.framework; path = System/Library/Frameworks/CoreBluetooth.framework; sourceTree = SDKROOT; };
		FB2BA8291BE112EE00CC110B /* SystemConfiguration.framework */ = {isa = PBXFileReference; lastKnownFileType = wrapper.framework; name = SystemConfiguration.framework; path = System/Library/Frameworks/SystemConfiguration.framework; sourceTree = SDKROOT; };
		FB2BA82B1BE112F900CC110B /* CoreLocation.framework */ = {isa = PBXFileReference; lastKnownFileType = wrapper.framework; name = CoreLocation.framework; path = System/Library/Frameworks/CoreLocation.framework; sourceTree = SDKROOT; };
		FB2BA82E1BE1161B00CC110B /* MegaTheme.swift */ = {isa = PBXFileReference; fileEncoding = 4; lastKnownFileType = sourcecode.swift; name = MegaTheme.swift; path = Theme/MegaTheme.swift; sourceTree = "<group>"; };
		FB2BA8361BE1170C00CC110B /* ADVAnimatedButton.swift */ = {isa = PBXFileReference; fileEncoding = 4; lastKnownFileType = sourcecode.swift; name = ADVAnimatedButton.swift; path = Controls/ADVAnimatedButton.swift; sourceTree = "<group>"; };
		FB2BA83B1BE117CF00CC110B /* ADVGradientButton.swift */ = {isa = PBXFileReference; fileEncoding = 4; lastKnownFileType = sourcecode.swift; name = ADVGradientButton.swift; path = Controls/ADVGradientButton.swift; sourceTree = "<group>"; };
		FB2BA83F1BE1183900CC110B /* ADVProgressLayer.swift */ = {isa = PBXFileReference; fileEncoding = 4; lastKnownFileType = sourcecode.swift; name = ADVProgressLayer.swift; path = Controls/ADVProgressLayer.swift; sourceTree = "<group>"; };
		FB2BA8411BE1187A00CC110B /* ADVProgressControl.swift */ = {isa = PBXFileReference; fileEncoding = 4; lastKnownFileType = sourcecode.swift; name = ADVProgressControl.swift; path = Controls/ADVProgressControl.swift; sourceTree = "<group>"; };
		FB2BA8431BE118AA00CC110B /* ADVSegmentedControl.swift */ = {isa = PBXFileReference; fileEncoding = 4; lastKnownFileType = sourcecode.swift; name = ADVSegmentedControl.swift; path = Controls/ADVSegmentedControl.swift; sourceTree = "<group>"; };
		FB2BA8451BE118F400CC110B /* ADVTabSegmentControl.swift */ = {isa = PBXFileReference; fileEncoding = 4; lastKnownFileType = sourcecode.swift; name = ADVTabSegmentControl.swift; path = Controls/ADVTabSegmentControl.swift; sourceTree = "<group>"; };
		FB2BA8491BE119A400CC110B /* ProductCell.swift */ = {isa = PBXFileReference; fileEncoding = 4; lastKnownFileType = sourcecode.swift; path = ProductCell.swift; sourceTree = "<group>"; };
		FB2BA84A1BE119A400CC110B /* ProductImageCell.swift */ = {isa = PBXFileReference; fileEncoding = 4; lastKnownFileType = sourcecode.swift; path = ProductImageCell.swift; sourceTree = "<group>"; };
		FB2BA84B1BE119A400CC110B /* CategoryCell.swift */ = {isa = PBXFileReference; fileEncoding = 4; lastKnownFileType = sourcecode.swift; path = CategoryCell.swift; sourceTree = "<group>"; };
		FB2BA84C1BE119A400CC110B /* CartCell.swift */ = {isa = PBXFileReference; fileEncoding = 4; lastKnownFileType = sourcecode.swift; path = CartCell.swift; sourceTree = "<group>"; };
		FB2BA8521BE119F700CC110B /* MetaCell.swift */ = {isa = PBXFileReference; fileEncoding = 4; lastKnownFileType = sourcecode.swift; path = MetaCell.swift; sourceTree = "<group>"; };
		FB2BA8551BE11A4B00CC110B /* PictureCell.swift */ = {isa = PBXFileReference; fileEncoding = 4; lastKnownFileType = sourcecode.swift; path = PictureCell.swift; sourceTree = "<group>"; };
		FB2BA8561BE11A4B00CC110B /* ConnectionCell.swift */ = {isa = PBXFileReference; fileEncoding = 4; lastKnownFileType = sourcecode.swift; path = ConnectionCell.swift; sourceTree = "<group>"; };
/* End PBXFileReference section */

/* Begin PBXFrameworksBuildPhase section */
		FB2BA7EA1BE111F100CC110B /* Frameworks */ = {
			isa = PBXFrameworksBuildPhase;
			buildActionMask = 2147483647;
			files = (
				FB2BA82C1BE112F900CC110B /* CoreLocation.framework in Frameworks */,
				FB2BA82A1BE112EE00CC110B /* SystemConfiguration.framework in Frameworks */,
				FB2BA8281BE112E300CC110B /* CoreBluetooth.framework in Frameworks */,
				FB2BA8261BE112DA00CC110B /* CoreData.framework in Frameworks */,
				FB2BA81F1BE1124500CC110B /* Beaconstac.framework in Frameworks */,
			);
			runOnlyForDeploymentPostprocessing = 0;
		};
		FB2BA7FE1BE111F100CC110B /* Frameworks */ = {
			isa = PBXFrameworksBuildPhase;
			buildActionMask = 2147483647;
			files = (
			);
			runOnlyForDeploymentPostprocessing = 0;
		};
		FB2BA8091BE111F100CC110B /* Frameworks */ = {
			isa = PBXFrameworksBuildPhase;
			buildActionMask = 2147483647;
			files = (
			);
			runOnlyForDeploymentPostprocessing = 0;
		};
/* End PBXFrameworksBuildPhase section */

/* Begin PBXGroup section */
		FB2BA7E41BE111F100CC110B = {
			isa = PBXGroup;
			children = (
				FB2BA82B1BE112F900CC110B /* CoreLocation.framework */,
				FB2BA8291BE112EE00CC110B /* SystemConfiguration.framework */,
				FB2BA8271BE112E300CC110B /* CoreBluetooth.framework */,
				FB2BA8251BE112DA00CC110B /* CoreData.framework */,
				FB2BA81E1BE1124500CC110B /* Beaconstac.framework */,
				FB2BA7EF1BE111F100CC110B /* beacon */,
				FB2BA8041BE111F100CC110B /* beaconTests */,
				FB2BA80F1BE111F100CC110B /* beaconUITests */,
				FB2BA7EE1BE111F100CC110B /* Products */,
			);
			sourceTree = "<group>";
		};
		FB2BA7EE1BE111F100CC110B /* Products */ = {
			isa = PBXGroup;
			children = (
				FB2BA7ED1BE111F100CC110B /* beacon.app */,
				FB2BA8011BE111F100CC110B /* beaconTests.xctest */,
				FB2BA80C1BE111F100CC110B /* beaconUITests.xctest */,
			);
			name = Products;
			sourceTree = "<group>";
		};
		FB2BA7EF1BE111F100CC110B /* beacon */ = {
			isa = PBXGroup;
			children = (
				FB2BA8591BE11B1300CC110B /* Views */,
				FB2BA8471BE1194C00CC110B /* Cells */,
				FB2BA8301BE1166500CC110B /* Controls */,
				FB2BA82D1BE115FC00CC110B /* Theme */,
				FB2BA7F01BE111F100CC110B /* AppDelegate.swift */,
				FB2BA7F21BE111F100CC110B /* ViewController.swift */,
				FB2BA7F41BE111F100CC110B /* Main.storyboard */,
				FB2BA8231BE112C500CC110B /* BeaconstacData.bundle */,
				FB2BA7F71BE111F100CC110B /* Assets.xcassets */,
				FB2BA7F91BE111F100CC110B /* LaunchScreen.storyboard */,
				FB2BA7FC1BE111F100CC110B /* Info.plist */,
				FB2BA8211BE1127500CC110B /* empty.m */,
				FB2BA8201BE1127400CC110B /* beacon-Bridging-Header.h */,
			);
			path = beacon;
			sourceTree = "<group>";
		};
		FB2BA8041BE111F100CC110B /* beaconTests */ = {
			isa = PBXGroup;
			children = (
				FB2BA8051BE111F100CC110B /* beaconTests.swift */,
				FB2BA8071BE111F100CC110B /* Info.plist */,
			);
			path = beaconTests;
			sourceTree = "<group>";
		};
		FB2BA80F1BE111F100CC110B /* beaconUITests */ = {
			isa = PBXGroup;
			children = (
				FB2BA8101BE111F100CC110B /* beaconUITests.swift */,
				FB2BA8121BE111F100CC110B /* Info.plist */,
			);
			path = beaconUITests;
			sourceTree = "<group>";
		};
		FB2BA82D1BE115FC00CC110B /* Theme */ = {
			isa = PBXGroup;
			children = (
				FB2BA82E1BE1161B00CC110B /* MegaTheme.swift */,
			);
			name = Theme;
			sourceTree = "<group>";
		};
		FB2BA8301BE1166500CC110B /* Controls */ = {
			isa = PBXGroup;
			children = (
				FB2BA8351BE116AA00CC110B /* ADVTabSegmentControl */,
				FB2BA8341BE1169B00CC110B /* ADVSegmentControl */,
				FB2BA8331BE1168C00CC110B /* ADVProgressControl */,
				FB2BA8321BE1168000CC110B /* ADVGradientButton */,
				FB2BA8311BE1166F00CC110B /* ADVAnimatedButton */,
			);
			name = Controls;
			sourceTree = "<group>";
		};
		FB2BA8311BE1166F00CC110B /* ADVAnimatedButton */ = {
			isa = PBXGroup;
			children = (
				FB2BA8361BE1170C00CC110B /* ADVAnimatedButton.swift */,
			);
			name = ADVAnimatedButton;
			sourceTree = "<group>";
		};
		FB2BA8321BE1168000CC110B /* ADVGradientButton */ = {
			isa = PBXGroup;
			children = (
				FB2BA83B1BE117CF00CC110B /* ADVGradientButton.swift */,
			);
			name = ADVGradientButton;
			sourceTree = "<group>";
		};
		FB2BA8331BE1168C00CC110B /* ADVProgressControl */ = {
			isa = PBXGroup;
			children = (
				FB2BA8411BE1187A00CC110B /* ADVProgressControl.swift */,
				FB2BA83F1BE1183900CC110B /* ADVProgressLayer.swift */,
			);
			name = ADVProgressControl;
			sourceTree = "<group>";
		};
		FB2BA8341BE1169B00CC110B /* ADVSegmentControl */ = {
			isa = PBXGroup;
			children = (
				FB2BA8431BE118AA00CC110B /* ADVSegmentedControl.swift */,
			);
			name = ADVSegmentControl;
			sourceTree = "<group>";
		};
		FB2BA8351BE116AA00CC110B /* ADVTabSegmentControl */ = {
			isa = PBXGroup;
			children = (
				FB2BA8451BE118F400CC110B /* ADVTabSegmentControl.swift */,
			);
			name = ADVTabSegmentControl;
			sourceTree = "<group>";
		};
		FB2BA8471BE1194C00CC110B /* Cells */ = {
			isa = PBXGroup;
			children = (
				FB2BA8541BE11A2B00CC110B /* SocialCells */,
				FB2BA8511BE119E000CC110B /* Meta */,
				FB2BA8481BE1198700CC110B /* eCommerceCells */,
			);
			name = Cells;
			sourceTree = "<group>";
		};
		FB2BA8481BE1198700CC110B /* eCommerceCells */ = {
			isa = PBXGroup;
			children = (
				FB2BA8491BE119A400CC110B /* ProductCell.swift */,
				FB2BA84A1BE119A400CC110B /* ProductImageCell.swift */,
				FB2BA84B1BE119A400CC110B /* CategoryCell.swift */,
				FB2BA84C1BE119A400CC110B /* CartCell.swift */,
			);
			name = eCommerceCells;
			sourceTree = "<group>";
		};
		FB2BA8511BE119E000CC110B /* Meta */ = {
			isa = PBXGroup;
			children = (
				FB2BA8521BE119F700CC110B /* MetaCell.swift */,
			);
			name = Meta;
			sourceTree = "<group>";
		};
		FB2BA8541BE11A2B00CC110B /* SocialCells */ = {
			isa = PBXGroup;
			children = (
				FB2BA8551BE11A4B00CC110B /* PictureCell.swift */,
				FB2BA8561BE11A4B00CC110B /* ConnectionCell.swift */,
			);
			name = SocialCells;
			sourceTree = "<group>";
		};
		FB2BA8591BE11B1300CC110B /* Views */ = {
			isa = PBXGroup;
			children = (
			);
			name = Views;
			sourceTree = "<group>";
		};
/* End PBXGroup section */

/* Begin PBXNativeTarget section */
		FB2BA7EC1BE111F100CC110B /* beacon */ = {
			isa = PBXNativeTarget;
			buildConfigurationList = FB2BA8151BE111F100CC110B /* Build configuration list for PBXNativeTarget "beacon" */;
			buildPhases = (
				FB2BA7E91BE111F100CC110B /* Sources */,
				FB2BA7EA1BE111F100CC110B /* Frameworks */,
				FB2BA7EB1BE111F100CC110B /* Resources */,
			);
			buildRules = (
			);
			dependencies = (
			);
			name = beacon;
			productName = beacon;
			productReference = FB2BA7ED1BE111F100CC110B /* beacon.app */;
			productType = "com.apple.product-type.application";
		};
		FB2BA8001BE111F100CC110B /* beaconTests */ = {
			isa = PBXNativeTarget;
			buildConfigurationList = FB2BA8181BE111F100CC110B /* Build configuration list for PBXNativeTarget "beaconTests" */;
			buildPhases = (
				FB2BA7FD1BE111F100CC110B /* Sources */,
				FB2BA7FE1BE111F100CC110B /* Frameworks */,
				FB2BA7FF1BE111F100CC110B /* Resources */,
			);
			buildRules = (
			);
			dependencies = (
				FB2BA8031BE111F100CC110B /* PBXTargetDependency */,
			);
			name = beaconTests;
			productName = beaconTests;
			productReference = FB2BA8011BE111F100CC110B /* beaconTests.xctest */;
			productType = "com.apple.product-type.bundle.unit-test";
		};
		FB2BA80B1BE111F100CC110B /* beaconUITests */ = {
			isa = PBXNativeTarget;
			buildConfigurationList = FB2BA81B1BE111F100CC110B /* Build configuration list for PBXNativeTarget "beaconUITests" */;
			buildPhases = (
				FB2BA8081BE111F100CC110B /* Sources */,
				FB2BA8091BE111F100CC110B /* Frameworks */,
				FB2BA80A1BE111F100CC110B /* Resources */,
			);
			buildRules = (
			);
			dependencies = (
				FB2BA80E1BE111F100CC110B /* PBXTargetDependency */,
			);
			name = beaconUITests;
			productName = beaconUITests;
			productReference = FB2BA80C1BE111F100CC110B /* beaconUITests.xctest */;
			productType = "com.apple.product-type.bundle.ui-testing";
		};
/* End PBXNativeTarget section */

/* Begin PBXProject section */
		FB2BA7E51BE111F100CC110B /* Project object */ = {
			isa = PBXProject;
			attributes = {
				LastSwiftUpdateCheck = 0710;
				LastUpgradeCheck = 0710;
				ORGANIZATIONNAME = waynehui;
				TargetAttributes = {
					FB2BA7EC1BE111F100CC110B = {
						CreatedOnToolsVersion = 7.1;
						DevelopmentTeam = 34JL6X48Z9;
					};
					FB2BA8001BE111F100CC110B = {
						CreatedOnToolsVersion = 7.1;
						DevelopmentTeam = 34JL6X48Z9;
						TestTargetID = FB2BA7EC1BE111F100CC110B;
					};
					FB2BA80B1BE111F100CC110B = {
						CreatedOnToolsVersion = 7.1;
						DevelopmentTeam = 34JL6X48Z9;
						TestTargetID = FB2BA7EC1BE111F100CC110B;
					};
				};
			};
			buildConfigurationList = FB2BA7E81BE111F100CC110B /* Build configuration list for PBXProject "beacon" */;
			compatibilityVersion = "Xcode 3.2";
			developmentRegion = English;
			hasScannedForEncodings = 0;
			knownRegions = (
				en,
				Base,
			);
			mainGroup = FB2BA7E41BE111F100CC110B;
			productRefGroup = FB2BA7EE1BE111F100CC110B /* Products */;
			projectDirPath = "";
			projectRoot = "";
			targets = (
				FB2BA7EC1BE111F100CC110B /* beacon */,
				FB2BA8001BE111F100CC110B /* beaconTests */,
				FB2BA80B1BE111F100CC110B /* beaconUITests */,
			);
		};
/* End PBXProject section */

/* Begin PBXResourcesBuildPhase section */
		FB2BA7EB1BE111F100CC110B /* Resources */ = {
			isa = PBXResourcesBuildPhase;
			buildActionMask = 2147483647;
			files = (
				FB2BA7FB1BE111F100CC110B /* LaunchScreen.storyboard in Resources */,
				FB2BA7F81BE111F100CC110B /* Assets.xcassets in Resources */,
				FB2BA8241BE112C500CC110B /* BeaconstacData.bundle in Resources */,
				FB2BA7F61BE111F100CC110B /* Main.storyboard in Resources */,
			);
			runOnlyForDeploymentPostprocessing = 0;
		};
		FB2BA7FF1BE111F100CC110B /* Resources */ = {
			isa = PBXResourcesBuildPhase;
			buildActionMask = 2147483647;
			files = (
			);
			runOnlyForDeploymentPostprocessing = 0;
		};
		FB2BA80A1BE111F100CC110B /* Resources */ = {
			isa = PBXResourcesBuildPhase;
			buildActionMask = 2147483647;
			files = (
			);
			runOnlyForDeploymentPostprocessing = 0;
		};
/* End PBXResourcesBuildPhase section */

/* Begin PBXSourcesBuildPhase section */
		FB2BA7E91BE111F100CC110B /* Sources */ = {
			isa = PBXSourcesBuildPhase;
			buildActionMask = 2147483647;
			files = (
				FB2BA84F1BE119A400CC110B /* CategoryCell.swift in Sources */,
				FB2BA8501BE119A400CC110B /* CartCell.swift in Sources */,
				FB2BA8221BE1127500CC110B /* empty.m in Sources */,
				FB2BA84D1BE119A400CC110B /* ProductCell.swift in Sources */,
				FB2BA8531BE119F700CC110B /* MetaCell.swift in Sources */,
				FB2BA8371BE1170C00CC110B /* ADVAnimatedButton.swift in Sources */,
				FB2BA7F31BE111F100CC110B /* ViewController.swift in Sources */,
				FB2BA83C1BE117CF00CC110B /* ADVGradientButton.swift in Sources */,
				FB2BA8581BE11A4B00CC110B /* ConnectionCell.swift in Sources */,
				FB2BA8571BE11A4B00CC110B /* PictureCell.swift in Sources */,
				FB2BA84E1BE119A400CC110B /* ProductImageCell.swift in Sources */,
				FB2BA7F11BE111F100CC110B /* AppDelegate.swift in Sources */,
				FB2BA8461BE118F400CC110B /* ADVTabSegmentControl.swift in Sources */,
				FB2BA82F1BE1161B00CC110B /* MegaTheme.swift in Sources */,
				FB2BA8401BE1183900CC110B /* ADVProgressLayer.swift in Sources */,
				FB2BA8441BE118AA00CC110B /* ADVSegmentedControl.swift in Sources */,
				FB2BA8421BE1187A00CC110B /* ADVProgressControl.swift in Sources */,
			);
			runOnlyForDeploymentPostprocessing = 0;
		};
		FB2BA7FD1BE111F100CC110B /* Sources */ = {
			isa = PBXSourcesBuildPhase;
			buildActionMask = 2147483647;
			files = (
				FB2BA8061BE111F100CC110B /* beaconTests.swift in Sources */,
			);
			runOnlyForDeploymentPostprocessing = 0;
		};
		FB2BA8081BE111F100CC110B /* Sources */ = {
			isa = PBXSourcesBuildPhase;
			buildActionMask = 2147483647;
			files = (
				FB2BA8111BE111F100CC110B /* beaconUITests.swift in Sources */,
			);
			runOnlyForDeploymentPostprocessing = 0;
		};
/* End PBXSourcesBuildPhase section */

/* Begin PBXTargetDependency section */
		FB2BA8031BE111F100CC110B /* PBXTargetDependency */ = {
			isa = PBXTargetDependency;
			target = FB2BA7EC1BE111F100CC110B /* beacon */;
			targetProxy = FB2BA8021BE111F100CC110B /* PBXContainerItemProxy */;
		};
		FB2BA80E1BE111F100CC110B /* PBXTargetDependency */ = {
			isa = PBXTargetDependency;
			target = FB2BA7EC1BE111F100CC110B /* beacon */;
			targetProxy = FB2BA80D1BE111F100CC110B /* PBXContainerItemProxy */;
		};
/* End PBXTargetDependency section */

/* Begin PBXVariantGroup section */
		FB2BA7F41BE111F100CC110B /* Main.storyboard */ = {
			isa = PBXVariantGroup;
			children = (
				FB2BA7F51BE111F100CC110B /* Base */,
			);
			name = Main.storyboard;
			sourceTree = "<group>";
		};
		FB2BA7F91BE111F100CC110B /* LaunchScreen.storyboard */ = {
			isa = PBXVariantGroup;
			children = (
				FB2BA7FA1BE111F100CC110B /* Base */,
			);
			name = LaunchScreen.storyboard;
			sourceTree = "<group>";
		};
/* End PBXVariantGroup section */

/* Begin XCBuildConfiguration section */
		FB2BA8131BE111F100CC110B /* Debug */ = {
			isa = XCBuildConfiguration;
			buildSettings = {
				ALWAYS_SEARCH_USER_PATHS = NO;
				CLANG_CXX_LANGUAGE_STANDARD = "gnu++0x";
				CLANG_CXX_LIBRARY = "libc++";
				CLANG_ENABLE_MODULES = YES;
				CLANG_ENABLE_OBJC_ARC = YES;
				CLANG_WARN_BOOL_CONVERSION = YES;
				CLANG_WARN_CONSTANT_CONVERSION = YES;
				CLANG_WARN_DIRECT_OBJC_ISA_USAGE = YES_ERROR;
				CLANG_WARN_EMPTY_BODY = YES;
				CLANG_WARN_ENUM_CONVERSION = YES;
				CLANG_WARN_INT_CONVERSION = YES;
				CLANG_WARN_OBJC_ROOT_CLASS = YES_ERROR;
				CLANG_WARN_UNREACHABLE_CODE = YES;
				CLANG_WARN__DUPLICATE_METHOD_MATCH = YES;
				"CODE_SIGN_IDENTITY[sdk=iphoneos*]" = "iPhone Developer";
				COPY_PHASE_STRIP = NO;
				DEBUG_INFORMATION_FORMAT = dwarf;
				ENABLE_STRICT_OBJC_MSGSEND = YES;
				ENABLE_TESTABILITY = YES;
				GCC_C_LANGUAGE_STANDARD = gnu99;
				GCC_DYNAMIC_NO_PIC = NO;
				GCC_NO_COMMON_BLOCKS = YES;
				GCC_OPTIMIZATION_LEVEL = 0;
				GCC_PREPROCESSOR_DEFINITIONS = (
					"DEBUG=1",
					"$(inherited)",
				);
				GCC_WARN_64_TO_32_BIT_CONVERSION = YES;
				GCC_WARN_ABOUT_RETURN_TYPE = YES_ERROR;
				GCC_WARN_UNDECLARED_SELECTOR = YES;
				GCC_WARN_UNINITIALIZED_AUTOS = YES_AGGRESSIVE;
				GCC_WARN_UNUSED_FUNCTION = YES;
				GCC_WARN_UNUSED_VARIABLE = YES;
				IPHONEOS_DEPLOYMENT_TARGET = 9.1;
				MTL_ENABLE_DEBUG_INFO = YES;
				ONLY_ACTIVE_ARCH = YES;
				SDKROOT = iphoneos;
				SWIFT_OPTIMIZATION_LEVEL = "-Onone";
			};
			name = Debug;
		};
		FB2BA8141BE111F100CC110B /* Release */ = {
			isa = XCBuildConfiguration;
			buildSettings = {
				ALWAYS_SEARCH_USER_PATHS = NO;
				CLANG_CXX_LANGUAGE_STANDARD = "gnu++0x";
				CLANG_CXX_LIBRARY = "libc++";
				CLANG_ENABLE_MODULES = YES;
				CLANG_ENABLE_OBJC_ARC = YES;
				CLANG_WARN_BOOL_CONVERSION = YES;
				CLANG_WARN_CONSTANT_CONVERSION = YES;
				CLANG_WARN_DIRECT_OBJC_ISA_USAGE = YES_ERROR;
				CLANG_WARN_EMPTY_BODY = YES;
				CLANG_WARN_ENUM_CONVERSION = YES;
				CLANG_WARN_INT_CONVERSION = YES;
				CLANG_WARN_OBJC_ROOT_CLASS = YES_ERROR;
				CLANG_WARN_UNREACHABLE_CODE = YES;
				CLANG_WARN__DUPLICATE_METHOD_MATCH = YES;
				"CODE_SIGN_IDENTITY[sdk=iphoneos*]" = "iPhone Developer";
				COPY_PHASE_STRIP = NO;
				DEBUG_INFORMATION_FORMAT = "dwarf-with-dsym";
				ENABLE_NS_ASSERTIONS = NO;
				ENABLE_STRICT_OBJC_MSGSEND = YES;
				GCC_C_LANGUAGE_STANDARD = gnu99;
				GCC_NO_COMMON_BLOCKS = YES;
				GCC_WARN_64_TO_32_BIT_CONVERSION = YES;
				GCC_WARN_ABOUT_RETURN_TYPE = YES_ERROR;
				GCC_WARN_UNDECLARED_SELECTOR = YES;
				GCC_WARN_UNINITIALIZED_AUTOS = YES_AGGRESSIVE;
				GCC_WARN_UNUSED_FUNCTION = YES;
				GCC_WARN_UNUSED_VARIABLE = YES;
				IPHONEOS_DEPLOYMENT_TARGET = 9.1;
				MTL_ENABLE_DEBUG_INFO = NO;
				SDKROOT = iphoneos;
				VALIDATE_PRODUCT = YES;
			};
			name = Release;
		};
		FB2BA8161BE111F100CC110B /* Debug */ = {
			isa = XCBuildConfiguration;
			buildSettings = {
				ASSETCATALOG_COMPILER_APPICON_NAME = AppIcon;
				CLANG_ENABLE_MODULES = YES;
				FRAMEWORK_SEARCH_PATHS = (
					"$(inherited)",
					"$(PROJECT_DIR)",
				);
				INFOPLIST_FILE = beacon/Info.plist;
				LD_RUNPATH_SEARCH_PATHS = "$(inherited) @executable_path/Frameworks";
				PRODUCT_BUNDLE_IDENTIFIER = com.waynesworld.beacon;
				PRODUCT_NAME = "$(TARGET_NAME)";
				SWIFT_OBJC_BRIDGING_HEADER = "beacon/beacon-Bridging-Header.h";
				SWIFT_OPTIMIZATION_LEVEL = "-Onone";
			};
			name = Debug;
		};
		FB2BA8171BE111F100CC110B /* Release */ = {
			isa = XCBuildConfiguration;
			buildSettings = {
				ASSETCATALOG_COMPILER_APPICON_NAME = AppIcon;
				CLANG_ENABLE_MODULES = YES;
				FRAMEWORK_SEARCH_PATHS = (
					"$(inherited)",
					"$(PROJECT_DIR)",
				);
				INFOPLIST_FILE = beacon/Info.plist;
				LD_RUNPATH_SEARCH_PATHS = "$(inherited) @executable_path/Frameworks";
				PRODUCT_BUNDLE_IDENTIFIER = com.waynesworld.beacon;
				PRODUCT_NAME = "$(TARGET_NAME)";
				SWIFT_OBJC_BRIDGING_HEADER = "beacon/beacon-Bridging-Header.h";
			};
			name = Release;
		};
		FB2BA8191BE111F100CC110B /* Debug */ = {
			isa = XCBuildConfiguration;
			buildSettings = {
				BUNDLE_LOADER = "$(TEST_HOST)";
				INFOPLIST_FILE = beaconTests/Info.plist;
				LD_RUNPATH_SEARCH_PATHS = "$(inherited) @executable_path/Frameworks @loader_path/Frameworks";
				PRODUCT_BUNDLE_IDENTIFIER = com.waynesworld.beaconTests;
				PRODUCT_NAME = "$(TARGET_NAME)";
				TEST_HOST = "$(BUILT_PRODUCTS_DIR)/beacon.app/beacon";
			};
			name = Debug;
		};
		FB2BA81A1BE111F100CC110B /* Release */ = {
			isa = XCBuildConfiguration;
			buildSettings = {
				BUNDLE_LOADER = "$(TEST_HOST)";
				INFOPLIST_FILE = beaconTests/Info.plist;
				LD_RUNPATH_SEARCH_PATHS = "$(inherited) @executable_path/Frameworks @loader_path/Frameworks";
				PRODUCT_BUNDLE_IDENTIFIER = com.waynesworld.beaconTests;
				PRODUCT_NAME = "$(TARGET_NAME)";
				TEST_HOST = "$(BUILT_PRODUCTS_DIR)/beacon.app/beacon";
			};
			name = Release;
		};
		FB2BA81C1BE111F100CC110B /* Debug */ = {
			isa = XCBuildConfiguration;
			buildSettings = {
				INFOPLIST_FILE = beaconUITests/Info.plist;
				LD_RUNPATH_SEARCH_PATHS = "$(inherited) @executable_path/Frameworks @loader_path/Frameworks";
				PRODUCT_BUNDLE_IDENTIFIER = com.waynesworld.beaconUITests;
				PRODUCT_NAME = "$(TARGET_NAME)";
				TEST_TARGET_NAME = beacon;
				USES_XCTRUNNER = YES;
			};
			name = Debug;
		};
		FB2BA81D1BE111F100CC110B /* Release */ = {
			isa = XCBuildConfiguration;
			buildSettings = {
				INFOPLIST_FILE = beaconUITests/Info.plist;
				LD_RUNPATH_SEARCH_PATHS = "$(inherited) @executable_path/Frameworks @loader_path/Frameworks";
				PRODUCT_BUNDLE_IDENTIFIER = com.waynesworld.beaconUITests;
				PRODUCT_NAME = "$(TARGET_NAME)";
				TEST_TARGET_NAME = beacon;
				USES_XCTRUNNER = YES;
			};
			name = Release;
		};
/* End XCBuildConfiguration section */

/* Begin XCConfigurationList section */
		FB2BA7E81BE111F100CC110B /* Build configuration list for PBXProject "beacon" */ = {
			isa = XCConfigurationList;
			buildConfigurations = (
				FB2BA8131BE111F100CC110B /* Debug */,
				FB2BA8141BE111F100CC110B /* Release */,
			);
			defaultConfigurationIsVisible = 0;
			defaultConfigurationName = Release;
		};
		FB2BA8151BE111F100CC110B /* Build configuration list for PBXNativeTarget "beacon" */ = {
			isa = XCConfigurationList;
			buildConfigurations = (
				FB2BA8161BE111F100CC110B /* Debug */,
				FB2BA8171BE111F100CC110B /* Release */,
			);
			defaultConfigurationIsVisible = 0;
		};
		FB2BA8181BE111F100CC110B /* Build configuration list for PBXNativeTarget "beaconTests" */ = {
			isa = XCConfigurationList;
			buildConfigurations = (
				FB2BA8191BE111F100CC110B /* Debug */,
				FB2BA81A1BE111F100CC110B /* Release */,
			);
			defaultConfigurationIsVisible = 0;
		};
		FB2BA81B1BE111F100CC110B /* Build configuration list for PBXNativeTarget "beaconUITests" */ = {
			isa = XCConfigurationList;
			buildConfigurations = (
				FB2BA81C1BE111F100CC110B /* Debug */,
				FB2BA81D1BE111F100CC110B /* Release */,
			);
			defaultConfigurationIsVisible = 0;
		};
/* End XCConfigurationList section */
	};
	rootObject = FB2BA7E51BE111F100CC110B /* Project object */;
}
